<Solution>
  <Project Path="FoundryDemo\FoundryDemo.csproj" />
  <Project Path="FoundryApi\FoundryApi.Domain\FoundryApi.Domain.csproj" />
  <Project Path="FoundryApi\FoundryApi.Application\FoundryApi.Application.csproj" />
  <Project Path="FoundryApi\FoundryApi.Infrastructure\FoundryApi.Infrastructure.csproj" />
  <Project Path="FoundryApi\FoundryApi.Web\FoundryApi.Web.csproj" />
</Solution>